
Microsoft Visual Studio Solution File, Format Version 12.00
# Visual Studio Version 16
VisualStudioVersion = 16.0.29503.13
MinimumVisualStudioVersion = 10.0.40219.1
Project("{FAE04EC0-301F-11D3-BF4B-00C04F79EFBC}") = "RazorPagesMovie", "RazorPagesMovie.csproj", "{107CA92C-3FAB-4D0C-81F6-25CC39C3335A}"
EndProject
Global
	GlobalSection(SolutionConfigurationPlatforms) = preSolution
		Debug|Any CPU = Debug|Any CPU
		Release|Any CPU = Release|Any CPU
	EndGlobalSection
	GlobalSection(ProjectConfigurationPlatforms) = postSolution
		{107CA92C-3FAB-4D0C-81F6-25CC39C3335A}.Debug|Any CPU.ActiveCfg = Debug|Any CPU
		{107CA92C-3FAB-4D0C-81F6-25CC39C3335A}.Debug|Any CPU.Build.0 = Debug|Any CPU
		{107CA92C-3FAB-4D0C-81F6-25CC39C3335A}.Release|Any CPU.ActiveCfg = Release|Any CPU
		{107CA92C-3FAB-4D0C-81F6-25CC39C3335A}.Release|Any CPU.Build.0 = Release|Any CPU
	EndGlobalSection
	GlobalSection(SolutionProperties) = preSolution
		HideSolutionNode = FALSE
	EndGlobalSection
	GlobalSection(ExtensibilityGlobals) = postSolution
		SolutionGuid = {CEE11E07-F53F-4008-800F-41B7A7BBE084}
	EndGlobalSection
EndGlobal
