
Microsoft Visual Studio Solution File, Format Version 12.00
# Visual Studio Version 16
VisualStudioVersion = 16.0.29503.13
MinimumVisualStudioVersion = 10.0.40219.1
Project("{FAE04EC0-301F-11D3-BF4B-00C04F79EFBC}") = "MvcMovie", "MvcMovie.csproj", "{DB8C0267-ED5C-4068-9FD5-E0E452BC2D06}"
EndProject
Global
	GlobalSection(SolutionConfigurationPlatforms) = preSolution
		Debug|Any CPU = Debug|Any CPU
		Release|Any CPU = Release|Any CPU
	EndGlobalSection
	GlobalSection(ProjectConfigurationPlatforms) = postSolution
		{DB8C0267-ED5C-4068-9FD5-E0E452BC2D06}.Debug|Any CPU.ActiveCfg = Debug|Any CPU
		{DB8C0267-ED5C-4068-9FD5-E0E452BC2D06}.Debug|Any CPU.Build.0 = Debug|Any CPU
		{DB8C0267-ED5C-4068-9FD5-E0E452BC2D06}.Release|Any CPU.ActiveCfg = Release|Any CPU
		{DB8C0267-ED5C-4068-9FD5-E0E452BC2D06}.Release|Any CPU.Build.0 = Release|Any CPU
	EndGlobalSection
	GlobalSection(SolutionProperties) = preSolution
		HideSolutionNode = FALSE
	EndGlobalSection
	GlobalSection(ExtensibilityGlobals) = postSolution
		SolutionGuid = {AA3ABD2C-7850-4F4D-95D0-925686F170C6}
	EndGlobalSection
EndGlobal
